// !$*UTF8*$!
{
	archiveVersion = 1;
	classes = {
	};
	objectVersion = 51;
	objects = {

/* Begin PBXBuildFile section */
		A19D1F976A3FA5FAA18B78B0 /* Pods_FoodPinApp.framework in Frameworks */ = {isa = PBXBuildFile; fileRef = D11B2D9D646A283B1124BE28 /* Pods_FoodPinApp.framework */; };
		A603A59326C13383009E3E8A /* AppDelegate.swift in Sources */ = {isa = PBXBuildFile; fileRef = A603A59226C13383009E3E8A /* AppDelegate.swift */; };
		A603A59526C13383009E3E8A /* SceneDelegate.swift in Sources */ = {isa = PBXBuildFile; fileRef = A603A59426C13383009E3E8A /* SceneDelegate.swift */; };
		A603A59726C13383009E3E8A /* RestaurantTableViewController.swift in Sources */ = {isa = PBXBuildFile; fileRef = A603A59626C13383009E3E8A /* RestaurantTableViewController.swift */; };
		A603A59A26C13383009E3E8A /* Main.storyboard in Resources */ = {isa = PBXBuildFile; fileRef = A603A59826C13383009E3E8A /* Main.storyboard */; };
		A603A59C26C13384009E3E8A /* Assets.xcassets in Resources */ = {isa = PBXBuildFile; fileRef = A603A59B26C13384009E3E8A /* Assets.xcassets */; };
		A603A59F26C13384009E3E8A /* LaunchScreen.storyboard in Resources */ = {isa = PBXBuildFile; fileRef = A603A59D26C13384009E3E8A /* LaunchScreen.storyboard */; };
		A603A5AB26C1345C009E3E8A /* Restaurant.swift in Sources */ = {isa = PBXBuildFile; fileRef = A603A5AA26C1345C009E3E8A /* Restaurant.swift */; };
		A603A5AD26C14168009E3E8A /* MapViewController.swift in Sources */ = {isa = PBXBuildFile; fileRef = A603A5AC26C14168009E3E8A /* MapViewController.swift */; };
		A603A5AF26C289C2009E3E8A /* RouteTableViewController.swift in Sources */ = {isa = PBXBuildFile; fileRef = A603A5AE26C289C2009E3E8A /* RouteTableViewController.swift */; };
		A665524126CAA3CA004C4117 /* RestaurantTableViewCell.swift in Sources */ = {isa = PBXBuildFile; fileRef = A665524026CAA3CA004C4117 /* RestaurantTableViewCell.swift */; };
		A67918BC26FB69500020AFEC /* UITextField+Placeholder.swift in Sources */ = {isa = PBXBuildFile; fileRef = A67918BB26FB69500020AFEC /* UITextField+Placeholder.swift */; };
		A67918BF26FB945F0020AFEC /* circle.json in Resources */ = {isa = PBXBuildFile; fileRef = A67918BE26FB945F0020AFEC /* circle.json */; };
		A680F31626FB983E00DAC308 /* data.json in Resources */ = {isa = PBXBuildFile; fileRef = A680F31526FB983E00DAC308 /* data.json */; };
		A6A1D3F426FE0F12001B53A2 /* GoogleService-Info.plist in Resources */ = {isa = PBXBuildFile; fileRef = A6A1D3F326FE0F12001B53A2 /* GoogleService-Info.plist */; };
		A6A1D3F726FE1491001B53A2 /* AuthManager.swift in Sources */ = {isa = PBXBuildFile; fileRef = A6A1D3F626FE1491001B53A2 /* AuthManager.swift */; };
		A6A1D3F926FE15C1001B53A2 /* StorageManager.swift in Sources */ = {isa = PBXBuildFile; fileRef = A6A1D3F826FE15C1001B53A2 /* StorageManager.swift */; };
		A6ABC79A26DCE304001564BF /* PopTransitionAnimator.swift in Sources */ = {isa = PBXBuildFile; fileRef = A6ABC79926DCE304001564BF /* PopTransitionAnimator.swift */; };
		A6F3F70726FA3C3F00612285 /* Buttons.swift in Sources */ = {isa = PBXBuildFile; fileRef = A6F3F70626FA3C3F00612285 /* Buttons.swift */; };
		A6F3F70B26FA467A00612285 /* WelcomeViewController.swift in Sources */ = {isa = PBXBuildFile; fileRef = A6F3F70A26FA467A00612285 /* WelcomeViewController.swift */; };
		A6F3F70D26FA46A800612285 /* SingInViewController.swift in Sources */ = {isa = PBXBuildFile; fileRef = A6F3F70C26FA46A800612285 /* SingInViewController.swift */; };
		A6F3F70F26FA46B500612285 /* CreateAccountViewController.swift in Sources */ = {isa = PBXBuildFile; fileRef = A6F3F70E26FA46B500612285 /* CreateAccountViewController.swift */; };
		A6F3F71226FA46DD00612285 /* ForgotPasswordViewController.swift in Sources */ = {isa = PBXBuildFile; fileRef = A6F3F71126FA46DD00612285 /* ForgotPasswordViewController.swift */; };
		A6F3F71426FA478C00612285 /* ProfileViewController.swift in Sources */ = {isa = PBXBuildFile; fileRef = A6F3F71326FA478C00612285 /* ProfileViewController.swift */; };
		A6FFAEA026FB103D0099B967 /* Rubik-BlackItalic.ttf in Resources */ = {isa = PBXBuildFile; fileRef = A6FFAE9F26FB103D0099B967 /* Rubik-BlackItalic.ttf */; };
		A6FFAEAA26FB104D0099B967 /* Rubik-Light.ttf in Resources */ = {isa = PBXBuildFile; fileRef = A6FFAEA126FB104D0099B967 /* Rubik-Light.ttf */; };
		A6FFAEAB26FB104D0099B967 /* Rubik-Italic.ttf in Resources */ = {isa = PBXBuildFile; fileRef = A6FFAEA226FB104D0099B967 /* Rubik-Italic.ttf */; };
		A6FFAEAC26FB104D0099B967 /* Rubik-Medium.ttf in Resources */ = {isa = PBXBuildFile; fileRef = A6FFAEA326FB104D0099B967 /* Rubik-Medium.ttf */; };
		A6FFAEAD26FB104D0099B967 /* Rubik-MediumItalic.ttf in Resources */ = {isa = PBXBuildFile; fileRef = A6FFAEA426FB104D0099B967 /* Rubik-MediumItalic.ttf */; };
		A6FFAEAE26FB104D0099B967 /* Rubik-Bold.ttf in Resources */ = {isa = PBXBuildFile; fileRef = A6FFAEA526FB104D0099B967 /* Rubik-Bold.ttf */; };
		A6FFAEAF26FB104D0099B967 /* Rubik-LightItalic.ttf in Resources */ = {isa = PBXBuildFile; fileRef = A6FFAEA626FB104D0099B967 /* Rubik-LightItalic.ttf */; };
		A6FFAEB026FB104D0099B967 /* Rubik-BoldItalic.ttf in Resources */ = {isa = PBXBuildFile; fileRef = A6FFAEA726FB104D0099B967 /* Rubik-BoldItalic.ttf */; };
		A6FFAEB126FB104D0099B967 /* Rubik-Regular.ttf in Resources */ = {isa = PBXBuildFile; fileRef = A6FFAEA826FB104D0099B967 /* Rubik-Regular.ttf */; };
		A6FFAEB226FB104D0099B967 /* Rubik-Black.ttf in Resources */ = {isa = PBXBuildFile; fileRef = A6FFAEA926FB104D0099B967 /* Rubik-Black.ttf */; };
/* End PBXBuildFile section */

/* Begin PBXFileReference section */
		A603A58F26C13383009E3E8A /* FoodPinApp.app */ = {isa = PBXFileReference; explicitFileType = wrapper.application; includeInIndex = 0; path = FoodPinApp.app; sourceTree = BUILT_PRODUCTS_DIR; };
		A603A59226C13383009E3E8A /* AppDelegate.swift */ = {isa = PBXFileReference; lastKnownFileType = sourcecode.swift; path = AppDelegate.swift; sourceTree = "<group>"; };
		A603A59426C13383009E3E8A /* SceneDelegate.swift */ = {isa = PBXFileReference; lastKnownFileType = sourcecode.swift; path = SceneDelegate.swift; sourceTree = "<group>"; };
		A603A59626C13383009E3E8A /* RestaurantTableViewController.swift */ = {isa = PBXFileReference; lastKnownFileType = sourcecode.swift; path = RestaurantTableViewController.swift; sourceTree = "<group>"; };
		A603A59926C13383009E3E8A /* Base */ = {isa = PBXFileReference; lastKnownFileType = file.storyboard; name = Base; path = Base.lproj/Main.storyboard; sourceTree = "<group>"; };
		A603A59B26C13384009E3E8A /* Assets.xcassets */ = {isa = PBXFileReference; lastKnownFileType = folder.assetcatalog; path = Assets.xcassets; sourceTree = "<group>"; };
		A603A59E26C13384009E3E8A /* Base */ = {isa = PBXFileReference; lastKnownFileType = file.storyboard; name = Base; path = Base.lproj/LaunchScreen.storyboard; sourceTree = "<group>"; };
		A603A5A026C13384009E3E8A /* Info.plist */ = {isa = PBXFileReference; lastKnownFileType = text.plist.xml; path = Info.plist; sourceTree = "<group>"; };
		A603A5AA26C1345C009E3E8A /* Restaurant.swift */ = {isa = PBXFileReference; lastKnownFileType = sourcecode.swift; path = Restaurant.swift; sourceTree = "<group>"; };
		A603A5AC26C14168009E3E8A /* MapViewController.swift */ = {isa = PBXFileReference; lastKnownFileType = sourcecode.swift; path = MapViewController.swift; sourceTree = "<group>"; };
		A603A5AE26C289C2009E3E8A /* RouteTableViewController.swift */ = {isa = PBXFileReference; lastKnownFileType = sourcecode.swift; name = RouteTableViewController.swift; path = FoodPinApp/Controller/MapKit/RouteTableViewController.swift; sourceTree = SOURCE_ROOT; };
		A665524026CAA3CA004C4117 /* RestaurantTableViewCell.swift */ = {isa = PBXFileReference; lastKnownFileType = sourcecode.swift; path = RestaurantTableViewCell.swift; sourceTree = "<group>"; };
		A67918BB26FB69500020AFEC /* UITextField+Placeholder.swift */ = {isa = PBXFileReference; lastKnownFileType = sourcecode.swift; path = "UITextField+Placeholder.swift"; sourceTree = "<group>"; };
		A67918BE26FB945F0020AFEC /* circle.json */ = {isa = PBXFileReference; fileEncoding = 4; lastKnownFileType = text.json; path = circle.json; sourceTree = "<group>"; };
		A680F31526FB983E00DAC308 /* data.json */ = {isa = PBXFileReference; fileEncoding = 4; lastKnownFileType = text.json; path = data.json; sourceTree = "<group>"; };
		A6A1D3F326FE0F12001B53A2 /* GoogleService-Info.plist */ = {isa = PBXFileReference; fileEncoding = 4; lastKnownFileType = text.plist.xml; path = "GoogleService-Info.plist"; sourceTree = "<group>"; };
		A6A1D3F626FE1491001B53A2 /* AuthManager.swift */ = {isa = PBXFileReference; lastKnownFileType = sourcecode.swift; path = AuthManager.swift; sourceTree = "<group>"; };
		A6A1D3F826FE15C1001B53A2 /* StorageManager.swift */ = {isa = PBXFileReference; lastKnownFileType = sourcecode.swift; path = StorageManager.swift; sourceTree = "<group>"; };
		A6ABC79926DCE304001564BF /* PopTransitionAnimator.swift */ = {isa = PBXFileReference; lastKnownFileType = sourcecode.swift; path = PopTransitionAnimator.swift; sourceTree = "<group>"; };
		A6F3F70626FA3C3F00612285 /* Buttons.swift */ = {isa = PBXFileReference; lastKnownFileType = sourcecode.swift; path = Buttons.swift; sourceTree = "<group>"; };
		A6F3F70A26FA467A00612285 /* WelcomeViewController.swift */ = {isa = PBXFileReference; lastKnownFileType = sourcecode.swift; path = WelcomeViewController.swift; sourceTree = "<group>"; };
		A6F3F70C26FA46A800612285 /* SingInViewController.swift */ = {isa = PBXFileReference; lastKnownFileType = sourcecode.swift; path = SingInViewController.swift; sourceTree = "<group>"; };
		A6F3F70E26FA46B500612285 /* CreateAccountViewController.swift */ = {isa = PBXFileReference; lastKnownFileType = sourcecode.swift; path = CreateAccountViewController.swift; sourceTree = "<group>"; };
		A6F3F71126FA46DD00612285 /* ForgotPasswordViewController.swift */ = {isa = PBXFileReference; lastKnownFileType = sourcecode.swift; path = ForgotPasswordViewController.swift; sourceTree = "<group>"; };
		A6F3F71326FA478C00612285 /* ProfileViewController.swift */ = {isa = PBXFileReference; lastKnownFileType = sourcecode.swift; path = ProfileViewController.swift; sourceTree = "<group>"; };
		A6FFAE9F26FB103D0099B967 /* Rubik-BlackItalic.ttf */ = {isa = PBXFileReference; lastKnownFileType = file; path = "Rubik-BlackItalic.ttf"; sourceTree = "<group>"; };
		A6FFAEA126FB104D0099B967 /* Rubik-Light.ttf */ = {isa = PBXFileReference; lastKnownFileType = file; path = "Rubik-Light.ttf"; sourceTree = "<group>"; };
		A6FFAEA226FB104D0099B967 /* Rubik-Italic.ttf */ = {isa = PBXFileReference; lastKnownFileType = file; path = "Rubik-Italic.ttf"; sourceTree = "<group>"; };
		A6FFAEA326FB104D0099B967 /* Rubik-Medium.ttf */ = {isa = PBXFileReference; lastKnownFileType = file; path = "Rubik-Medium.ttf"; sourceTree = "<group>"; };
		A6FFAEA426FB104D0099B967 /* Rubik-MediumItalic.ttf */ = {isa = PBXFileReference; lastKnownFileType = file; path = "Rubik-MediumItalic.ttf"; sourceTree = "<group>"; };
		A6FFAEA526FB104D0099B967 /* Rubik-Bold.ttf */ = {isa = PBXFileReference; lastKnownFileType = file; path = "Rubik-Bold.ttf"; sourceTree = "<group>"; };
		A6FFAEA626FB104D0099B967 /* Rubik-LightItalic.ttf */ = {isa = PBXFileReference; lastKnownFileType = file; path = "Rubik-LightItalic.ttf"; sourceTree = "<group>"; };
		A6FFAEA726FB104D0099B967 /* Rubik-BoldItalic.ttf */ = {isa = PBXFileReference; lastKnownFileType = file; path = "Rubik-BoldItalic.ttf"; sourceTree = "<group>"; };
		A6FFAEA826FB104D0099B967 /* Rubik-Regular.ttf */ = {isa = PBXFileReference; lastKnownFileType = file; path = "Rubik-Regular.ttf"; sourceTree = "<group>"; };
		A6FFAEA926FB104D0099B967 /* Rubik-Black.ttf */ = {isa = PBXFileReference; lastKnownFileType = file; path = "Rubik-Black.ttf"; sourceTree = "<group>"; };
		AFDD7AB84152263C2406B9E8 /* Pods-FoodPinApp.release.xcconfig */ = {isa = PBXFileReference; includeInIndex = 1; lastKnownFileType = text.xcconfig; name = "Pods-FoodPinApp.release.xcconfig"; path = "Target Support Files/Pods-FoodPinApp/Pods-FoodPinApp.release.xcconfig"; sourceTree = "<group>"; };
		D11B2D9D646A283B1124BE28 /* Pods_FoodPinApp.framework */ = {isa = PBXFileReference; explicitFileType = wrapper.framework; includeInIndex = 0; path = Pods_FoodPinApp.framework; sourceTree = BUILT_PRODUCTS_DIR; };
		E305026FFF2699A522CE1A5C /* Pods-FoodPinApp.debug.xcconfig */ = {isa = PBXFileReference; includeInIndex = 1; lastKnownFileType = text.xcconfig; name = "Pods-FoodPinApp.debug.xcconfig"; path = "Target Support Files/Pods-FoodPinApp/Pods-FoodPinApp.debug.xcconfig"; sourceTree = "<group>"; };
/* End PBXFileReference section */

/* Begin PBXFrameworksBuildPhase section */
		A603A58C26C13383009E3E8A /* Frameworks */ = {
			isa = PBXFrameworksBuildPhase;
			buildActionMask = 2147483647;
			files = (
				A19D1F976A3FA5FAA18B78B0 /* Pods_FoodPinApp.framework in Frameworks */,
			);
			runOnlyForDeploymentPostprocessing = 0;
		};
/* End PBXFrameworksBuildPhase section */

/* Begin PBXGroup section */
		9376BF5BD277EA029488AD1F /* Pods */ = {
			isa = PBXGroup;
			children = (
				E305026FFF2699A522CE1A5C /* Pods-FoodPinApp.debug.xcconfig */,
				AFDD7AB84152263C2406B9E8 /* Pods-FoodPinApp.release.xcconfig */,
			);
			path = Pods;
			sourceTree = "<group>";
		};
		A603A58626C13383009E3E8A = {
			isa = PBXGroup;
			children = (
				A603A59126C13383009E3E8A /* FoodPinApp */,
				A603A59026C13383009E3E8A /* Products */,
				9376BF5BD277EA029488AD1F /* Pods */,
				B09A136B44F6C351B7CE7D50 /* Frameworks */,
			);
			sourceTree = "<group>";
		};
		A603A59026C13383009E3E8A /* Products */ = {
			isa = PBXGroup;
			children = (
				A603A58F26C13383009E3E8A /* FoodPinApp.app */,
			);
			name = Products;
			sourceTree = "<group>";
		};
		A603A59126C13383009E3E8A /* FoodPinApp */ = {
			isa = PBXGroup;
			children = (
				A6A1D3F526FE1476001B53A2 /* FirebaseAuth */,
				A67918BD26FB944E0020AFEC /* Lotti Animations */,
				A6FFAE9D26FB10260099B967 /* Resources */,
				A6F3F70526FA3C2100612285 /* Helpers */,
				A6ABC79826DCE2EA001564BF /* SlideAnimation */,
				A665523F26CAA3AB004C4117 /* CustomCell */,
				A603A5A926C133AA009E3E8A /* Controller */,
				A603A5A826C133A5009E3E8A /* View */,
				A603A5A726C1339F009E3E8A /* Model */,
				A603A5A626C13393009E3E8A /* Supporting Files */,
				A603A5A026C13384009E3E8A /* Info.plist */,
				A6A1D3F326FE0F12001B53A2 /* GoogleService-Info.plist */,
			);
			path = FoodPinApp;
			sourceTree = "<group>";
		};
		A603A5A626C13393009E3E8A /* Supporting Files */ = {
			isa = PBXGroup;
			children = (
				A603A59226C13383009E3E8A /* AppDelegate.swift */,
				A603A59426C13383009E3E8A /* SceneDelegate.swift */,
				A603A59B26C13384009E3E8A /* Assets.xcassets */,
			);
			path = "Supporting Files";
			sourceTree = "<group>";
		};
		A603A5A726C1339F009E3E8A /* Model */ = {
			isa = PBXGroup;
			children = (
				A603A5AA26C1345C009E3E8A /* Restaurant.swift */,
			);
			path = Model;
			sourceTree = "<group>";
		};
		A603A5A826C133A5009E3E8A /* View */ = {
			isa = PBXGroup;
			children = (
				A603A59826C13383009E3E8A /* Main.storyboard */,
				A603A59D26C13384009E3E8A /* LaunchScreen.storyboard */,
			);
			path = View;
			sourceTree = "<group>";
		};
		A603A5A926C133AA009E3E8A /* Controller */ = {
			isa = PBXGroup;
			children = (
				A6A1D3F226FDB23B001B53A2 /* Profile */,
				A6A1D3F126FDB22E001B53A2 /* Welcome */,
				A6F3F70926FA465400612285 /* MapKit */,
				A6F3F70826FA464100612285 /* FirebaseAuth */,
			);
			path = Controller;
			sourceTree = "<group>";
		};
		A665523F26CAA3AB004C4117 /* CustomCell */ = {
			isa = PBXGroup;
			children = (
				A665524026CAA3CA004C4117 /* RestaurantTableViewCell.swift */,
			);
			path = CustomCell;
			sourceTree = "<group>";
		};
		A67918BD26FB944E0020AFEC /* Lotti Animations */ = {
			isa = PBXGroup;
			children = (
				A67918BE26FB945F0020AFEC /* circle.json */,
				A680F31526FB983E00DAC308 /* data.json */,
			);
			path = "Lotti Animations";
			sourceTree = "<group>";
		};
		A6A1D3F126FDB22E001B53A2 /* Welcome */ = {
			isa = PBXGroup;
			children = (
				A6F3F70A26FA467A00612285 /* WelcomeViewController.swift */,
				A603A59626C13383009E3E8A /* RestaurantTableViewController.swift */,
			);
			path = Welcome;
			sourceTree = "<group>";
		};
		A6A1D3F226FDB23B001B53A2 /* Profile */ = {
			isa = PBXGroup;
			children = (
				A6F3F71326FA478C00612285 /* ProfileViewController.swift */,
			);
			path = Profile;
			sourceTree = "<group>";
		};
		A6A1D3F526FE1476001B53A2 /* FirebaseAuth */ = {
			isa = PBXGroup;
			children = (
				A6A1D3F626FE1491001B53A2 /* AuthManager.swift */,
				A6A1D3F826FE15C1001B53A2 /* StorageManager.swift */,
			);
			path = FirebaseAuth;
			sourceTree = "<group>";
		};
		A6ABC79826DCE2EA001564BF /* SlideAnimation */ = {
			isa = PBXGroup;
			children = (
				A6ABC79926DCE304001564BF /* PopTransitionAnimator.swift */,
			);
			path = SlideAnimation;
			sourceTree = "<group>";
		};
		A6F3F70526FA3C2100612285 /* Helpers */ = {
			isa = PBXGroup;
			children = (
				A6F3F70626FA3C3F00612285 /* Buttons.swift */,
				A67918BB26FB69500020AFEC /* UITextField+Placeholder.swift */,
			);
			path = Helpers;
			sourceTree = "<group>";
		};
		A6F3F70826FA464100612285 /* FirebaseAuth */ = {
			isa = PBXGroup;
			children = (
				A6F3F70C26FA46A800612285 /* SingInViewController.swift */,
				A6F3F70E26FA46B500612285 /* CreateAccountViewController.swift */,
				A6F3F71126FA46DD00612285 /* ForgotPasswordViewController.swift */,
			);
			path = FirebaseAuth;
			sourceTree = "<group>";
		};
		A6F3F70926FA465400612285 /* MapKit */ = {
			isa = PBXGroup;
			children = (
				A603A5AE26C289C2009E3E8A /* RouteTableViewController.swift */,
				A603A5AC26C14168009E3E8A /* MapViewController.swift */,
			);
			path = MapKit;
			sourceTree = "<group>";
		};
		A6FFAE9D26FB10260099B967 /* Resources */ = {
			isa = PBXGroup;
			children = (
				A6FFAE9E26FB10310099B967 /* Fonts */,
			);
			path = Resources;
			sourceTree = "<group>";
		};
		A6FFAE9E26FB10310099B967 /* Fonts */ = {
			isa = PBXGroup;
			children = (
				A6FFAE9F26FB103D0099B967 /* Rubik-BlackItalic.ttf */,
				A6FFAEA926FB104D0099B967 /* Rubik-Black.ttf */,
				A6FFAEA526FB104D0099B967 /* Rubik-Bold.ttf */,
				A6FFAEA726FB104D0099B967 /* Rubik-BoldItalic.ttf */,
				A6FFAEA226FB104D0099B967 /* Rubik-Italic.ttf */,
				A6FFAEA126FB104D0099B967 /* Rubik-Light.ttf */,
				A6FFAEA626FB104D0099B967 /* Rubik-LightItalic.ttf */,
				A6FFAEA326FB104D0099B967 /* Rubik-Medium.ttf */,
				A6FFAEA426FB104D0099B967 /* Rubik-MediumItalic.ttf */,
				A6FFAEA826FB104D0099B967 /* Rubik-Regular.ttf */,
			);
			path = Fonts;
			sourceTree = "<group>";
		};
		B09A136B44F6C351B7CE7D50 /* Frameworks */ = {
			isa = PBXGroup;
			children = (
				D11B2D9D646A283B1124BE28 /* Pods_FoodPinApp.framework */,
			);
			name = Frameworks;
			sourceTree = "<group>";
		};
/* End PBXGroup section */

/* Begin PBXNativeTarget section */
		A603A58E26C13383009E3E8A /* FoodPinApp */ = {
			isa = PBXNativeTarget;
			buildConfigurationList = A603A5A326C13384009E3E8A /* Build configuration list for PBXNativeTarget "FoodPinApp" */;
			buildPhases = (
				186D8DBE1499B7AD87996549 /* [CP] Check Pods Manifest.lock */,
				A603A58B26C13383009E3E8A /* Sources */,
				A603A58C26C13383009E3E8A /* Frameworks */,
				A603A58D26C13383009E3E8A /* Resources */,
				EDFD6BBFE41C05E7A947A24F /* [CP] Embed Pods Frameworks */,
			);
			buildRules = (
			);
			dependencies = (
			);
			name = FoodPinApp;
			productName = FoodPinApp;
			productReference = A603A58F26C13383009E3E8A /* FoodPinApp.app */;
			productType = "com.apple.product-type.application";
		};
/* End PBXNativeTarget section */

/* Begin PBXProject section */
		A603A58726C13383009E3E8A /* Project object */ = {
			isa = PBXProject;
			attributes = {
				LastSwiftUpdateCheck = 1250;
				LastUpgradeCheck = 1250;
				TargetAttributes = {
					A603A58E26C13383009E3E8A = {
						CreatedOnToolsVersion = 12.5.1;
					};
				};
			};
			buildConfigurationList = A603A58A26C13383009E3E8A /* Build configuration list for PBXProject "FoodPinApp" */;
			compatibilityVersion = "Xcode 9.3";
			developmentRegion = en;
			hasScannedForEncodings = 0;
			knownRegions = (
				en,
				Base,
			);
			mainGroup = A603A58626C13383009E3E8A;
			productRefGroup = A603A59026C13383009E3E8A /* Products */;
			projectDirPath = "";
			projectRoot = "";
			targets = (
				A603A58E26C13383009E3E8A /* FoodPinApp */,
			);
		};
/* End PBXProject section */

/* Begin PBXResourcesBuildPhase section */
		A603A58D26C13383009E3E8A /* Resources */ = {
			isa = PBXResourcesBuildPhase;
			buildActionMask = 2147483647;
			files = (
				A603A59F26C13384009E3E8A /* LaunchScreen.storyboard in Resources */,
				A6FFAEB226FB104D0099B967 /* Rubik-Black.ttf in Resources */,
				A6FFAEB126FB104D0099B967 /* Rubik-Regular.ttf in Resources */,
				A6FFAEAF26FB104D0099B967 /* Rubik-LightItalic.ttf in Resources */,
				A6FFAEAE26FB104D0099B967 /* Rubik-Bold.ttf in Resources */,
				A603A59C26C13384009E3E8A /* Assets.xcassets in Resources */,
				A6FFAEAB26FB104D0099B967 /* Rubik-Italic.ttf in Resources */,
				A6FFAEAD26FB104D0099B967 /* Rubik-MediumItalic.ttf in Resources */,
				A67918BF26FB945F0020AFEC /* circle.json in Resources */,
				A6A1D3F426FE0F12001B53A2 /* GoogleService-Info.plist in Resources */,
				A6FFAEB026FB104D0099B967 /* Rubik-BoldItalic.ttf in Resources */,
				A6FFAEAA26FB104D0099B967 /* Rubik-Light.ttf in Resources */,
				A6FFAEA026FB103D0099B967 /* Rubik-BlackItalic.ttf in Resources */,
				A603A59A26C13383009E3E8A /* Main.storyboard in Resources */,
				A680F31626FB983E00DAC308 /* data.json in Resources */,
				A6FFAEAC26FB104D0099B967 /* Rubik-Medium.ttf in Resources */,
			);
			runOnlyForDeploymentPostprocessing = 0;
		};
/* End PBXResourcesBuildPhase section */

/* Begin PBXShellScriptBuildPhase section */
		186D8DBE1499B7AD87996549 /* [CP] Check Pods Manifest.lock */ = {
			isa = PBXShellScriptBuildPhase;
			buildActionMask = 2147483647;
			files = (
			);
			inputFileListPaths = (
			);
			inputPaths = (
				"${PODS_PODFILE_DIR_PATH}/Podfile.lock",
				"${PODS_ROOT}/Manifest.lock",
			);
			name = "[CP] Check Pods Manifest.lock";
			outputFileListPaths = (
			);
			outputPaths = (
				"$(DERIVED_FILE_DIR)/Pods-FoodPinApp-checkManifestLockResult.txt",
			);
			runOnlyForDeploymentPostprocessing = 0;
			shellPath = /bin/sh;
			shellScript = "diff \"${PODS_PODFILE_DIR_PATH}/Podfile.lock\" \"${PODS_ROOT}/Manifest.lock\" > /dev/null\nif [ $? != 0 ] ; then\n    # print error to STDERR\n    echo \"error: The sandbox is not in sync with the Podfile.lock. Run 'pod install' or update your CocoaPods installation.\" >&2\n    exit 1\nfi\n# This output is used by Xcode 'outputs' to avoid re-running this script phase.\necho \"SUCCESS\" > \"${SCRIPT_OUTPUT_FILE_0}\"\n";
			showEnvVarsInLog = 0;
		};
		EDFD6BBFE41C05E7A947A24F /* [CP] Embed Pods Frameworks */ = {
			isa = PBXShellScriptBuildPhase;
			buildActionMask = 2147483647;
			files = (
			);
			inputFileListPaths = (
				"${PODS_ROOT}/Target Support Files/Pods-FoodPinApp/Pods-FoodPinApp-frameworks-${CONFIGURATION}-input-files.xcfilelist",
			);
			name = "[CP] Embed Pods Frameworks";
			outputFileListPaths = (
				"${PODS_ROOT}/Target Support Files/Pods-FoodPinApp/Pods-FoodPinApp-frameworks-${CONFIGURATION}-output-files.xcfilelist",
			);
			runOnlyForDeploymentPostprocessing = 0;
			shellPath = /bin/sh;
			shellScript = "\"${PODS_ROOT}/Target Support Files/Pods-FoodPinApp/Pods-FoodPinApp-frameworks.sh\"\n";
			showEnvVarsInLog = 0;
		};
/* End PBXShellScriptBuildPhase section */

/* Begin PBXSourcesBuildPhase section */
		A603A58B26C13383009E3E8A /* Sources */ = {
			isa = PBXSourcesBuildPhase;
			buildActionMask = 2147483647;
			files = (
				A6A1D3F926FE15C1001B53A2 /* StorageManager.swift in Sources */,
				A6F3F70F26FA46B500612285 /* CreateAccountViewController.swift in Sources */,
				A6F3F70726FA3C3F00612285 /* Buttons.swift in Sources */,
				A6F3F70B26FA467A00612285 /* WelcomeViewController.swift in Sources */,
				A603A5AB26C1345C009E3E8A /* Restaurant.swift in Sources */,
				A6F3F71426FA478C00612285 /* ProfileViewController.swift in Sources */,
				A603A59726C13383009E3E8A /* RestaurantTableViewController.swift in Sources */,
				A603A59326C13383009E3E8A /* AppDelegate.swift in Sources */,
				A6ABC79A26DCE304001564BF /* PopTransitionAnimator.swift in Sources */,
				A603A5AD26C14168009E3E8A /* MapViewController.swift in Sources */,
				A6A1D3F726FE1491001B53A2 /* AuthManager.swift in Sources */,
				A67918BC26FB69500020AFEC /* UITextField+Placeholder.swift in Sources */,
				A603A5AF26C289C2009E3E8A /* RouteTableViewController.swift in Sources */,
				A665524126CAA3CA004C4117 /* RestaurantTableViewCell.swift in Sources */,
				A6F3F71226FA46DD00612285 /* ForgotPasswordViewController.swift in Sources */,
				A6F3F70D26FA46A800612285 /* SingInViewController.swift in Sources */,
				A603A59526C13383009E3E8A /* SceneDelegate.swift in Sources */,
			);
			runOnlyForDeploymentPostprocessing = 0;
		};
/* End PBXSourcesBuildPhase section */

/* Begin PBXVariantGroup section */
		A603A59826C13383009E3E8A /* Main.storyboard */ = {
			isa = PBXVariantGroup;
			children = (
				A603A59926C13383009E3E8A /* Base */,
			);
			name = Main.storyboard;
			sourceTree = "<group>";
		};
		A603A59D26C13384009E3E8A /* LaunchScreen.storyboard */ = {
			isa = PBXVariantGroup;
			children = (
				A603A59E26C13384009E3E8A /* Base */,
			);
			name = LaunchScreen.storyboard;
			sourceTree = "<group>";
		};
/* End PBXVariantGroup section */

/* Begin XCBuildConfiguration section */
		A603A5A126C13384009E3E8A /* Debug */ = {
			isa = XCBuildConfiguration;
			buildSettings = {
				ALWAYS_SEARCH_USER_PATHS = NO;
				CLANG_ANALYZER_NONNULL = YES;
				CLANG_ANALYZER_NUMBER_OBJECT_CONVERSION = YES_AGGRESSIVE;
				CLANG_CXX_LANGUAGE_STANDARD = "gnu++14";
				CLANG_CXX_LIBRARY = "libc++";
				CLANG_ENABLE_MODULES = YES;
				CLANG_ENABLE_OBJC_ARC = YES;
				CLANG_ENABLE_OBJC_WEAK = YES;
				CLANG_WARN_BLOCK_CAPTURE_AUTORELEASING = YES;
				CLANG_WARN_BOOL_CONVERSION = YES;
				CLANG_WARN_COMMA = YES;
				CLANG_WARN_CONSTANT_CONVERSION = YES;
				CLANG_WARN_DEPRECATED_OBJC_IMPLEMENTATIONS = YES;
				CLANG_WARN_DIRECT_OBJC_ISA_USAGE = YES_ERROR;
				CLANG_WARN_DOCUMENTATION_COMMENTS = YES;
				CLANG_WARN_EMPTY_BODY = YES;
				CLANG_WARN_ENUM_CONVERSION = YES;
				CLANG_WARN_INFINITE_RECURSION = YES;
				CLANG_WARN_INT_CONVERSION = YES;
				CLANG_WARN_NON_LITERAL_NULL_CONVERSION = YES;
				CLANG_WARN_OBJC_IMPLICIT_RETAIN_SELF = YES;
				CLANG_WARN_OBJC_LITERAL_CONVERSION = YES;
				CLANG_WARN_OBJC_ROOT_CLASS = YES_ERROR;
				CLANG_WARN_QUOTED_INCLUDE_IN_FRAMEWORK_HEADER = YES;
				CLANG_WARN_RANGE_LOOP_ANALYSIS = YES;
				CLANG_WARN_STRICT_PROTOTYPES = YES;
				CLANG_WARN_SUSPICIOUS_MOVE = YES;
				CLANG_WARN_UNGUARDED_AVAILABILITY = YES_AGGRESSIVE;
				CLANG_WARN_UNREACHABLE_CODE = YES;
				CLANG_WARN__DUPLICATE_METHOD_MATCH = YES;
				COPY_PHASE_STRIP = NO;
				DEBUG_INFORMATION_FORMAT = dwarf;
				ENABLE_STRICT_OBJC_MSGSEND = YES;
				ENABLE_TESTABILITY = YES;
				GCC_C_LANGUAGE_STANDARD = gnu11;
				GCC_DYNAMIC_NO_PIC = NO;
				GCC_NO_COMMON_BLOCKS = YES;
				GCC_OPTIMIZATION_LEVEL = 0;
				GCC_PREPROCESSOR_DEFINITIONS = (
					"DEBUG=1",
					"$(inherited)",
				);
				GCC_WARN_64_TO_32_BIT_CONVERSION = YES;
				GCC_WARN_ABOUT_RETURN_TYPE = YES_ERROR;
				GCC_WARN_UNDECLARED_SELECTOR = YES;
				GCC_WARN_UNINITIALIZED_AUTOS = YES_AGGRESSIVE;
				GCC_WARN_UNUSED_FUNCTION = YES;
				GCC_WARN_UNUSED_VARIABLE = YES;
				IPHONEOS_DEPLOYMENT_TARGET = 14.5;
				MTL_ENABLE_DEBUG_INFO = INCLUDE_SOURCE;
				MTL_FAST_MATH = YES;
				ONLY_ACTIVE_ARCH = YES;
				SDKROOT = iphoneos;
				SWIFT_ACTIVE_COMPILATION_CONDITIONS = DEBUG;
				SWIFT_OPTIMIZATION_LEVEL = "-Onone";
			};
			name = Debug;
		};
		A603A5A226C13384009E3E8A /* Release */ = {
			isa = XCBuildConfiguration;
			buildSettings = {
				ALWAYS_SEARCH_USER_PATHS = NO;
				CLANG_ANALYZER_NONNULL = YES;
				CLANG_ANALYZER_NUMBER_OBJECT_CONVERSION = YES_AGGRESSIVE;
				CLANG_CXX_LANGUAGE_STANDARD = "gnu++14";
				CLANG_CXX_LIBRARY = "libc++";
				CLANG_ENABLE_MODULES = YES;
				CLANG_ENABLE_OBJC_ARC = YES;
				CLANG_ENABLE_OBJC_WEAK = YES;
				CLANG_WARN_BLOCK_CAPTURE_AUTORELEASING = YES;
				CLANG_WARN_BOOL_CONVERSION = YES;
				CLANG_WARN_COMMA = YES;
				CLANG_WARN_CONSTANT_CONVERSION = YES;
				CLANG_WARN_DEPRECATED_OBJC_IMPLEMENTATIONS = YES;
				CLANG_WARN_DIRECT_OBJC_ISA_USAGE = YES_ERROR;
				CLANG_WARN_DOCUMENTATION_COMMENTS = YES;
				CLANG_WARN_EMPTY_BODY = YES;
				CLANG_WARN_ENUM_CONVERSION = YES;
				CLANG_WARN_INFINITE_RECURSION = YES;
				CLANG_WARN_INT_CONVERSION = YES;
				CLANG_WARN_NON_LITERAL_NULL_CONVERSION = YES;
				CLANG_WARN_OBJC_IMPLICIT_RETAIN_SELF = YES;
				CLANG_WARN_OBJC_LITERAL_CONVERSION = YES;
				CLANG_WARN_OBJC_ROOT_CLASS = YES_ERROR;
				CLANG_WARN_QUOTED_INCLUDE_IN_FRAMEWORK_HEADER = YES;
				CLANG_WARN_RANGE_LOOP_ANALYSIS = YES;
				CLANG_WARN_STRICT_PROTOTYPES = YES;
				CLANG_WARN_SUSPICIOUS_MOVE = YES;
				CLANG_WARN_UNGUARDED_AVAILABILITY = YES_AGGRESSIVE;
				CLANG_WARN_UNREACHABLE_CODE = YES;
				CLANG_WARN__DUPLICATE_METHOD_MATCH = YES;
				COPY_PHASE_STRIP = NO;
				DEBUG_INFORMATION_FORMAT = "dwarf-with-dsym";
				ENABLE_NS_ASSERTIONS = NO;
				ENABLE_STRICT_OBJC_MSGSEND = YES;
				GCC_C_LANGUAGE_STANDARD = gnu11;
				GCC_NO_COMMON_BLOCKS = YES;
				GCC_WARN_64_TO_32_BIT_CONVERSION = YES;
				GCC_WARN_ABOUT_RETURN_TYPE = YES_ERROR;
				GCC_WARN_UNDECLARED_SELECTOR = YES;
				GCC_WARN_UNINITIALIZED_AUTOS = YES_AGGRESSIVE;
				GCC_WARN_UNUSED_FUNCTION = YES;
				GCC_WARN_UNUSED_VARIABLE = YES;
				IPHONEOS_DEPLOYMENT_TARGET = 14.5;
				MTL_ENABLE_DEBUG_INFO = NO;
				MTL_FAST_MATH = YES;
				SDKROOT = iphoneos;
				SWIFT_COMPILATION_MODE = wholemodule;
				SWIFT_OPTIMIZATION_LEVEL = "-O";
				VALIDATE_PRODUCT = YES;
			};
			name = Release;
		};
		A603A5A426C13384009E3E8A /* Debug */ = {
			isa = XCBuildConfiguration;
			baseConfigurationReference = E305026FFF2699A522CE1A5C /* Pods-FoodPinApp.debug.xcconfig */;
			buildSettings = {
				ASSETCATALOG_COMPILER_APPICON_NAME = AppIcon;
				ASSETCATALOG_COMPILER_GLOBAL_ACCENT_COLOR_NAME = AccentColor;
				CODE_SIGN_STYLE = Automatic;
				DEVELOPMENT_TEAM = ZJD5A2P8BC;
				INFOPLIST_FILE = FoodPinApp/Info.plist;
				IPHONEOS_DEPLOYMENT_TARGET = 14.0;
				LD_RUNPATH_SEARCH_PATHS = (
					"$(inherited)",
					"@executable_path/Frameworks",
				);
				PRODUCT_BUNDLE_IDENTIFIER = com.adnannmuratovic.FoodPinApp;
				PRODUCT_NAME = "$(TARGET_NAME)";
				SWIFT_VERSION = 5.0;
				TARGETED_DEVICE_FAMILY = "1,2";
			};
			name = Debug;
		};
		A603A5A526C13384009E3E8A /* Release */ = {
			isa = XCBuildConfiguration;
			baseConfigurationReference = AFDD7AB84152263C2406B9E8 /* Pods-FoodPinApp.release.xcconfig */;
			buildSettings = {
				ASSETCATALOG_COMPILER_APPICON_NAME = AppIcon;
				ASSETCATALOG_COMPILER_GLOBAL_ACCENT_COLOR_NAME = AccentColor;
				CODE_SIGN_STYLE = Automatic;
				DEVELOPMENT_TEAM = ZJD5A2P8BC;
				INFOPLIST_FILE = FoodPinApp/Info.plist;
				IPHONEOS_DEPLOYMENT_TARGET = 14.0;
				LD_RUNPATH_SEARCH_PATHS = (
					"$(inherited)",
					"@executable_path/Frameworks",
				);
				PRODUCT_BUNDLE_IDENTIFIER = com.adnannmuratovic.FoodPinApp;
				PRODUCT_NAME = "$(TARGET_NAME)";
				SWIFT_VERSION = 5.0;
				TARGETED_DEVICE_FAMILY = "1,2";
			};
			name = Release;
		};
/* End XCBuildConfiguration section */

/* Begin XCConfigurationList section */
		A603A58A26C13383009E3E8A /* Build configuration list for PBXProject "FoodPinApp" */ = {
			isa = XCConfigurationList;
			buildConfigurations = (
				A603A5A126C13384009E3E8A /* Debug */,
				A603A5A226C13384009E3E8A /* Release */,
			);
			defaultConfigurationIsVisible = 0;
			defaultConfigurationName = Release;
		};
		A603A5A326C13384009E3E8A /* Build configuration list for PBXNativeTarget "FoodPinApp" */ = {
			isa = XCConfigurationList;
			buildConfigurations = (
				A603A5A426C13384009E3E8A /* Debug */,
				A603A5A526C13384009E3E8A /* Release */,
			);
			defaultConfigurationIsVisible = 0;
			defaultConfigurationName = Release;
		};
/* End XCConfigurationList section */
	};
	rootObject = A603A58726C13383009E3E8A /* Project object */;
}
